// !$*UTF8*$!
{
	archiveVersion = 1;
	classes = {
	};
	objectVersion = 50;
	objects = {

/* Begin PBXBuildFile section */
		F54791CC24895FE1007D8740 /* CustomUrlButton.swift in Sources */ = {isa = PBXBuildFile; fileRef = F54791CB24895FE1007D8740 /* CustomUrlButton.swift */; };
		F5E418F424895B7900D0374F /* AppDelegate.swift in Sources */ = {isa = PBXBuildFile; fileRef = F5E418F324895B7900D0374F /* AppDelegate.swift */; };
		F5E418F624895B7900D0374F /* SceneDelegate.swift in Sources */ = {isa = PBXBuildFile; fileRef = F5E418F524895B7900D0374F /* SceneDelegate.swift */; };
		F5E418F824895B7900D0374F /* ViewController.swift in Sources */ = {isa = PBXBuildFile; fileRef = F5E418F724895B7900D0374F /* ViewController.swift */; };
		F5E418FB24895B7900D0374F /* Main.storyboard in Resources */ = {isa = PBXBuildFile; fileRef = F5E418F924895B7900D0374F /* Main.storyboard */; };
		F5E418FD24895B7B00D0374F /* Assets.xcassets in Resources */ = {isa = PBXBuildFile; fileRef = F5E418FC24895B7B00D0374F /* Assets.xcassets */; };
		F5E4190024895B7B00D0374F /* LaunchScreen.storyboard in Resources */ = {isa = PBXBuildFile; fileRef = F5E418FE24895B7B00D0374F /* LaunchScreen.storyboard */; };
/* End PBXBuildFile section */

/* Begin PBXFileReference section */
		F54791CB24895FE1007D8740 /* CustomUrlButton.swift */ = {isa = PBXFileReference; lastKnownFileType = sourcecode.swift; path = CustomUrlButton.swift; sourceTree = "<group>"; };
		F5E418F024895B7900D0374F /* PushNotificationStarter.app */ = {isa = PBXFileReference; explicitFileType = wrapper.application; includeInIndex = 0; path = PushNotificationStarter.app; sourceTree = BUILT_PRODUCTS_DIR; };
		F5E418F324895B7900D0374F /* AppDelegate.swift */ = {isa = PBXFileReference; lastKnownFileType = sourcecode.swift; path = AppDelegate.swift; sourceTree = "<group>"; };
		F5E418F524895B7900D0374F /* SceneDelegate.swift */ = {isa = PBXFileReference; lastKnownFileType = sourcecode.swift; path = SceneDelegate.swift; sourceTree = "<group>"; };
		F5E418F724895B7900D0374F /* ViewController.swift */ = {isa = PBXFileReference; lastKnownFileType = sourcecode.swift; path = ViewController.swift; sourceTree = "<group>"; };
		F5E418FA24895B7900D0374F /* Base */ = {isa = PBXFileReference; lastKnownFileType = file.storyboard; name = Base; path = Base.lproj/Main.storyboard; sourceTree = "<group>"; };
		F5E418FC24895B7B00D0374F /* Assets.xcassets */ = {isa = PBXFileReference; lastKnownFileType = folder.assetcatalog; path = Assets.xcassets; sourceTree = "<group>"; };
		F5E418FF24895B7B00D0374F /* Base */ = {isa = PBXFileReference; lastKnownFileType = file.storyboard; name = Base; path = Base.lproj/LaunchScreen.storyboard; sourceTree = "<group>"; };
		F5E4190124895B7B00D0374F /* Info.plist */ = {isa = PBXFileReference; lastKnownFileType = text.plist.xml; path = Info.plist; sourceTree = "<group>"; };
/* End PBXFileReference section */

/* Begin PBXFrameworksBuildPhase section */
		F5E418ED24895B7900D0374F /* Frameworks */ = {
			isa = PBXFrameworksBuildPhase;
			buildActionMask = 2147483647;
			files = (
			);
			runOnlyForDeploymentPostprocessing = 0;
		};
/* End PBXFrameworksBuildPhase section */

/* Begin PBXGroup section */
		F5E418E724895B7900D0374F = {
			isa = PBXGroup;
			children = (
				F5E418F224895B7900D0374F /* ios-push-app */,
				F5E418F124895B7900D0374F /* Products */,
			);
			sourceTree = "<group>";
		};
		F5E418F124895B7900D0374F /* Products */ = {
			isa = PBXGroup;
			children = (
				F5E418F024895B7900D0374F /* PushNotificationStarter.app */,
			);
			name = Products;
			sourceTree = "<group>";
		};
		F5E418F224895B7900D0374F /* ios-push-app */ = {
			isa = PBXGroup;
			children = (
				F5E418F324895B7900D0374F /* AppDelegate.swift */,
				F5E418F524895B7900D0374F /* SceneDelegate.swift */,
				F5E418F724895B7900D0374F /* ViewController.swift */,
				F5E418F924895B7900D0374F /* Main.storyboard */,
				F5E418FC24895B7B00D0374F /* Assets.xcassets */,
				F5E418FE24895B7B00D0374F /* LaunchScreen.storyboard */,
				F5E4190124895B7B00D0374F /* Info.plist */,
				F54791CB24895FE1007D8740 /* CustomUrlButton.swift */,
			);
			path = "ios-push-app";
			sourceTree = "<group>";
		};
/* End PBXGroup section */

/* Begin PBXNativeTarget section */
		F5E418EF24895B7900D0374F /* ios-push-app */ = {
			isa = PBXNativeTarget;
			buildConfigurationList = F5E4190424895B7B00D0374F /* Build configuration list for PBXNativeTarget "ios-push-app" */;
			buildPhases = (
				F5E418EC24895B7900D0374F /* Sources */,
				F5E418ED24895B7900D0374F /* Frameworks */,
				F5E418EE24895B7900D0374F /* Resources */,
			);
			buildRules = (
			);
			dependencies = (
			);
			name = "ios-push-app";
			productName = "ios-push-app";
			productReference = F5E418F024895B7900D0374F /* PushNotificationStarter.app */;
			productType = "com.apple.product-type.application";
		};
/* End PBXNativeTarget section */

/* Begin PBXProject section */
		F5E418E824895B7900D0374F /* Project object */ = {
			isa = PBXProject;
			attributes = {
				LastSwiftUpdateCheck = 1150;
				LastUpgradeCheck = 1150;
				ORGANIZATIONNAME = IBM;
				TargetAttributes = {
					F5E418EF24895B7900D0374F = {
						CreatedOnToolsVersion = 11.5;
					};
				};
			};
			buildConfigurationList = F5E418EB24895B7900D0374F /* Build configuration list for PBXProject "ios-push-app" */;
			compatibilityVersion = "Xcode 9.3";
			developmentRegion = en;
			hasScannedForEncodings = 0;
			knownRegions = (
				en,
				Base,
			);
			mainGroup = F5E418E724895B7900D0374F;
			productRefGroup = F5E418F124895B7900D0374F /* Products */;
			projectDirPath = "";
			projectRoot = "";
			targets = (
				F5E418EF24895B7900D0374F /* ios-push-app */,
			);
		};
/* End PBXProject section */

/* Begin PBXResourcesBuildPhase section */
		F5E418EE24895B7900D0374F /* Resources */ = {
			isa = PBXResourcesBuildPhase;
			buildActionMask = 2147483647;
			files = (
				F5E4190024895B7B00D0374F /* LaunchScreen.storyboard in Resources */,
				F5E418FD24895B7B00D0374F /* Assets.xcassets in Resources */,
				F5E418FB24895B7900D0374F /* Main.storyboard in Resources */,
			);
			runOnlyForDeploymentPostprocessing = 0;
		};
/* End PBXResourcesBuildPhase section */

/* Begin PBXSourcesBuildPhase section */
		F5E418EC24895B7900D0374F /* Sources */ = {
			isa = PBXSourcesBuildPhase;
			buildActionMask = 2147483647;
			files = (
				F5E418F824895B7900D0374F /* ViewController.swift in Sources */,
				F5E418F424895B7900D0374F /* AppDelegate.swift in Sources */,
				F54791CC24895FE1007D8740 /* CustomUrlButton.swift in Sources */,
				F5E418F624895B7900D0374F /* SceneDelegate.swift in Sources */,
			);
			runOnlyForDeploymentPostprocessing = 0;
		};
/* End PBXSourcesBuildPhase section */

/* Begin PBXVariantGroup section */
		F5E418F924895B7900D0374F /* Main.storyboard */ = {
			isa = PBXVariantGroup;
			children = (
				F5E418FA24895B7900D0374F /* Base */,
			);
			name = Main.storyboard;
			sourceTree = "<group>";
		};
		F5E418FE24895B7B00D0374F /* LaunchScreen.storyboard */ = {
			isa = PBXVariantGroup;
			children = (
				F5E418FF24895B7B00D0374F /* Base */,
			);
			name = LaunchScreen.storyboard;
			sourceTree = "<group>";
		};
/* End PBXVariantGroup section */

/* Begin XCBuildConfiguration section */
		F5E4190224895B7B00D0374F /* Debug */ = {
			isa = XCBuildConfiguration;
			buildSettings = {
				ALWAYS_SEARCH_USER_PATHS = NO;
				CLANG_ANALYZER_NONNULL = YES;
				CLANG_ANALYZER_NUMBER_OBJECT_CONVERSION = YES_AGGRESSIVE;
				CLANG_CXX_LANGUAGE_STANDARD = "gnu++14";
				CLANG_CXX_LIBRARY = "libc++";
				CLANG_ENABLE_MODULES = YES;
				CLANG_ENABLE_OBJC_ARC = YES;
				CLANG_ENABLE_OBJC_WEAK = YES;
				CLANG_WARN_BLOCK_CAPTURE_AUTORELEASING = YES;
				CLANG_WARN_BOOL_CONVERSION = YES;
				CLANG_WARN_COMMA = YES;
				CLANG_WARN_CONSTANT_CONVERSION = YES;
				CLANG_WARN_DEPRECATED_OBJC_IMPLEMENTATIONS = YES;
				CLANG_WARN_DIRECT_OBJC_ISA_USAGE = YES_ERROR;
				CLANG_WARN_DOCUMENTATION_COMMENTS = YES;
				CLANG_WARN_EMPTY_BODY = YES;
				CLANG_WARN_ENUM_CONVERSION = YES;
				CLANG_WARN_INFINITE_RECURSION = YES;
				CLANG_WARN_INT_CONVERSION = YES;
				CLANG_WARN_NON_LITERAL_NULL_CONVERSION = YES;
				CLANG_WARN_OBJC_IMPLICIT_RETAIN_SELF = YES;
				CLANG_WARN_OBJC_LITERAL_CONVERSION = YES;
				CLANG_WARN_OBJC_ROOT_CLASS = YES_ERROR;
				CLANG_WARN_RANGE_LOOP_ANALYSIS = YES;
				CLANG_WARN_STRICT_PROTOTYPES = YES;
				CLANG_WARN_SUSPICIOUS_MOVE = YES;
				CLANG_WARN_UNGUARDED_AVAILABILITY = YES_AGGRESSIVE;
				CLANG_WARN_UNREACHABLE_CODE = YES;
				CLANG_WARN__DUPLICATE_METHOD_MATCH = YES;
				COPY_PHASE_STRIP = NO;
				DEBUG_INFORMATION_FORMAT = dwarf;
				ENABLE_STRICT_OBJC_MSGSEND = YES;
				ENABLE_TESTABILITY = YES;
				GCC_C_LANGUAGE_STANDARD = gnu11;
				GCC_DYNAMIC_NO_PIC = NO;
				GCC_NO_COMMON_BLOCKS = YES;
				GCC_OPTIMIZATION_LEVEL = 0;
				GCC_PREPROCESSOR_DEFINITIONS = (
					"DEBUG=1",
					"$(inherited)",
				);
				GCC_WARN_64_TO_32_BIT_CONVERSION = YES;
				GCC_WARN_ABOUT_RETURN_TYPE = YES_ERROR;
				GCC_WARN_UNDECLARED_SELECTOR = YES;
				GCC_WARN_UNINITIALIZED_AUTOS = YES_AGGRESSIVE;
				GCC_WARN_UNUSED_FUNCTION = YES;
				GCC_WARN_UNUSED_VARIABLE = YES;
				IPHONEOS_DEPLOYMENT_TARGET = 13.5;
				MTL_ENABLE_DEBUG_INFO = INCLUDE_SOURCE;
				MTL_FAST_MATH = YES;
				ONLY_ACTIVE_ARCH = YES;
				SDKROOT = iphoneos;
				SWIFT_ACTIVE_COMPILATION_CONDITIONS = DEBUG;
				SWIFT_OPTIMIZATION_LEVEL = "-Onone";
			};
			name = Debug;
		};
		F5E4190324895B7B00D0374F /* Release */ = {
			isa = XCBuildConfiguration;
			buildSettings = {
				ALWAYS_SEARCH_USER_PATHS = NO;
				CLANG_ANALYZER_NONNULL = YES;
				CLANG_ANALYZER_NUMBER_OBJECT_CONVERSION = YES_AGGRESSIVE;
				CLANG_CXX_LANGUAGE_STANDARD = "gnu++14";
				CLANG_CXX_LIBRARY = "libc++";
				CLANG_ENABLE_MODULES = YES;
				CLANG_ENABLE_OBJC_ARC = YES;
				CLANG_ENABLE_OBJC_WEAK = YES;
				CLANG_WARN_BLOCK_CAPTURE_AUTORELEASING = YES;
				CLANG_WARN_BOOL_CONVERSION = YES;
				CLANG_WARN_COMMA = YES;
				CLANG_WARN_CONSTANT_CONVERSION = YES;
				CLANG_WARN_DEPRECATED_OBJC_IMPLEMENTATIONS = YES;
				CLANG_WARN_DIRECT_OBJC_ISA_USAGE = YES_ERROR;
				CLANG_WARN_DOCUMENTATION_COMMENTS = YES;
				CLANG_WARN_EMPTY_BODY = YES;
				CLANG_WARN_ENUM_CONVERSION = YES;
				CLANG_WARN_INFINITE_RECURSION = YES;
				CLANG_WARN_INT_CONVERSION = YES;
				CLANG_WARN_NON_LITERAL_NULL_CONVERSION = YES;
				CLANG_WARN_OBJC_IMPLICIT_RETAIN_SELF = YES;
				CLANG_WARN_OBJC_LITERAL_CONVERSION = YES;
				CLANG_WARN_OBJC_ROOT_CLASS = YES_ERROR;
				CLANG_WARN_RANGE_LOOP_ANALYSIS = YES;
				CLANG_WARN_STRICT_PROTOTYPES = YES;
				CLANG_WARN_SUSPICIOUS_MOVE = YES;
				CLANG_WARN_UNGUARDED_AVAILABILITY = YES_AGGRESSIVE;
				CLANG_WARN_UNREACHABLE_CODE = YES;
				CLANG_WARN__DUPLICATE_METHOD_MATCH = YES;
				COPY_PHASE_STRIP = NO;
				DEBUG_INFORMATION_FORMAT = "dwarf-with-dsym";
				ENABLE_NS_ASSERTIONS = NO;
				ENABLE_STRICT_OBJC_MSGSEND = YES;
				GCC_C_LANGUAGE_STANDARD = gnu11;
				GCC_NO_COMMON_BLOCKS = YES;
				GCC_WARN_64_TO_32_BIT_CONVERSION = YES;
				GCC_WARN_ABOUT_RETURN_TYPE = YES_ERROR;
				GCC_WARN_UNDECLARED_SELECTOR = YES;
				GCC_WARN_UNINITIALIZED_AUTOS = YES_AGGRESSIVE;
				GCC_WARN_UNUSED_FUNCTION = YES;
				GCC_WARN_UNUSED_VARIABLE = YES;
				IPHONEOS_DEPLOYMENT_TARGET = 13.5;
				MTL_ENABLE_DEBUG_INFO = NO;
				MTL_FAST_MATH = YES;
				SDKROOT = iphoneos;
				SWIFT_COMPILATION_MODE = wholemodule;
				SWIFT_OPTIMIZATION_LEVEL = "-O";
				VALIDATE_PRODUCT = YES;
			};
			name = Release;
		};
		F5E4190524895B7B00D0374F /* Debug */ = {
			isa = XCBuildConfiguration;
			buildSettings = {
				ASSETCATALOG_COMPILER_APPICON_NAME = AppIcon;
				CODE_SIGN_STYLE = Automatic;
				INFOPLIST_FILE = "ios-push-app/Info.plist";
				LD_RUNPATH_SEARCH_PATHS = (
					"$(inherited)",
					"@executable_path/Frameworks",
				);
				PRODUCT_BUNDLE_IDENTIFIER = com.ibm.cloud.push.starter;
				PRODUCT_NAME = PushNotificationStarter;
				SWIFT_VERSION = 5.0;
				TARGETED_DEVICE_FAMILY = "1,2";
			};
			name = Debug;
		};
		F5E4190624895B7B00D0374F /* Release */ = {
			isa = XCBuildConfiguration;
			buildSettings = {
				ASSETCATALOG_COMPILER_APPICON_NAME = AppIcon;
				CODE_SIGN_STYLE = Automatic;
				INFOPLIST_FILE = "ios-push-app/Info.plist";
				LD_RUNPATH_SEARCH_PATHS = (
					"$(inherited)",
					"@executable_path/Frameworks",
				);
				PRODUCT_BUNDLE_IDENTIFIER = com.ibm.cloud.push.starter;
				PRODUCT_NAME = PushNotificationStarter;
				SWIFT_VERSION = 5.0;
				TARGETED_DEVICE_FAMILY = "1,2";
			};
			name = Release;
		};
/* End XCBuildConfiguration section */

/* Begin XCConfigurationList section */
		F5E418EB24895B7900D0374F /* Build configuration list for PBXProject "ios-push-app" */ = {
			isa = XCConfigurationList;
			buildConfigurations = (
				F5E4190224895B7B00D0374F /* Debug */,
				F5E4190324895B7B00D0374F /* Release */,
			);
			defaultConfigurationIsVisible = 0;
			defaultConfigurationName = Release;
		};
		F5E4190424895B7B00D0374F /* Build configuration list for PBXNativeTarget "ios-push-app" */ = {
			isa = XCConfigurationList;
			buildConfigurations = (
				F5E4190524895B7B00D0374F /* Debug */,
				F5E4190624895B7B00D0374F /* Release */,
			);
			defaultConfigurationIsVisible = 0;
			defaultConfigurationName = Release;
		};
/* End XCConfigurationList section */
	};
	rootObject = F5E418E824895B7900D0374F /* Project object */;
}
